github.com/davecgh/go-spew v1.1.1 h1:vj9j/u1bqnvCEfJOwUhtlOARqs3+rkHYY13jYWTU97c=
github.com/davecgh/go-spew v1.1.1/go.mod h1:J7Y8YcW2NihsgmVo/mv3lAwl/skON4iLHjSsI+c5H38=
github.com/halfrost/LeetCode-Go/structures v0.0.0-20230408040206-3200de1f73f5 h1:f1Z/na9xa9jkDocCH+OK1R44JM2+NUk5vXLvAKmkeLM=
github.com/halfrost/LeetCode-Go/structures v0.0.0-20230408040206-3200de1f73f5/go.mod h1:PiB3scEe5vQhgf3BFfrj/wwApeH+2yyPRF3Jqpq+7AY=
github.com/halfrost/LeetCode-Go/template v0.0.0-20230408040206-3200de1f73f5 h1:3u4InpJaAcIqy+w/+h8VORANCEWr2ECr7WVenkycn1M=
github.com/halfrost/LeetCode-Go/template v0.0.0-20230408040206-3200de1f73f5/go.mod h1:Jiujq5ltPAr2X9Aw8KYqm8nzL02b73UtrVhryu383ag=
github.com/pmezard/go-difflib v1.0.0 h1:4DBwDE0NGyQoBHbLQYPwSUPoCMWR5BEzIk/f1lZbAQM=
github.com/pmezard/go-difflib v1.0.0/go.mod h1:iKH77koFhYxTK1pcRnkKkqfTogsbg7gZNVY4sRDYZ/4=
github.com/stretchr/testify v1.8.0 h1:pSgiaMZlXftHpm5L7V1+rVB+AZJydKsMxsQBIJw4PKk=
github.com/stretchr/testify v1.8.0/go.mod h1:yNjHg4UonilssWZ8iaSj1OCr/vHnekPRkoO+kdMU+MU=
gopkg.in/yaml.v3 v3.0.1 h1:fxVm/GzAzEWqLHuvctI91KS9hhNmmWOoWu0XTYJS7CA=
gopkg.in/yaml.v3 v3.0.1/go.mod h1:K4uyk7z7BCEPqu6E+C64Yfv1cQ7kz7rIZviUmN+EgEM=
